
Microsoft Visual Studio Solution File, Format Version 12.00
# Visual Studio Version 17
VisualStudioVersion = 17.13.35919.96 d17.13
MinimumVisualStudioVersion = 10.0.40219.1
Project("{FAE04EC0-301F-11D3-BF4B-00C04F79EFBC}") = "Exercicio9", "Exercicio9.csproj", "{5FFB2E5B-CF7D-4BAD-AEAF-ED10D9057BC5}"
EndProject
Global
	GlobalSection(SolutionConfigurationPlatforms) = preSolution
		Debug|Any CPU = Debug|Any CPU
		Release|Any CPU = Release|Any CPU
	EndGlobalSection
	GlobalSection(ProjectConfigurationPlatforms) = postSolution
		{5FFB2E5B-CF7D-4BAD-AEAF-ED10D9057BC5}.Debug|Any CPU.ActiveCfg = Debug|Any CPU
		{5FFB2E5B-CF7D-4BAD-AEAF-ED10D9057BC5}.Debug|Any CPU.Build.0 = Debug|Any CPU
		{5FFB2E5B-CF7D-4BAD-AEAF-ED10D9057BC5}.Release|Any CPU.ActiveCfg = Release|Any CPU
		{5FFB2E5B-CF7D-4BAD-AEAF-ED10D9057BC5}.Release|Any CPU.Build.0 = Release|Any CPU
	EndGlobalSection
	GlobalSection(SolutionProperties) = preSolution
		HideSolutionNode = FALSE
	EndGlobalSection
	GlobalSection(ExtensibilityGlobals) = postSolution
		SolutionGuid = {3B2F1A56-6AA2-4B4F-96F1-B1D179D0EB1B}
	EndGlobalSection
EndGlobal
