
Microsoft Visual Studio Solution File, Format Version 12.00
# Visual Studio Version 17
VisualStudioVersion = 17.13.35919.96 d17.13
MinimumVisualStudioVersion = 10.0.40219.1
Project("{FAE04EC0-301F-11D3-BF4B-00C04F79EFBC}") = "exercicio14", "exercicio14.csproj", "{CBA60CF6-E5B8-4799-98D0-9DC54C48BB60}"
EndProject
Global
	GlobalSection(SolutionConfigurationPlatforms) = preSolution
		Debug|Any CPU = Debug|Any CPU
		Release|Any CPU = Release|Any CPU
	EndGlobalSection
	GlobalSection(ProjectConfigurationPlatforms) = postSolution
		{CBA60CF6-E5B8-4799-98D0-9DC54C48BB60}.Debug|Any CPU.ActiveCfg = Debug|Any CPU
		{CBA60CF6-E5B8-4799-98D0-9DC54C48BB60}.Debug|Any CPU.Build.0 = Debug|Any CPU
		{CBA60CF6-E5B8-4799-98D0-9DC54C48BB60}.Release|Any CPU.ActiveCfg = Release|Any CPU
		{CBA60CF6-E5B8-4799-98D0-9DC54C48BB60}.Release|Any CPU.Build.0 = Release|Any CPU
	EndGlobalSection
	GlobalSection(SolutionProperties) = preSolution
		HideSolutionNode = FALSE
	EndGlobalSection
	GlobalSection(ExtensibilityGlobals) = postSolution
		SolutionGuid = {0938023E-DF08-45EA-8456-06FE350CB834}
	EndGlobalSection
EndGlobal
